
Microsoft Visual Studio Solution File, Format Version 12.00
# Visual Studio 15
VisualStudioVersion = 15.0.28307.1300
MinimumVisualStudioVersion = 10.0.40219.1
Project("{FAE04EC0-301F-11D3-BF4B-00C04F79EFBC}") = "Extensions.MeanMedian", "Extensions.MeanMedianMode\Extensions.MeanMedian.csproj", "{DDAFBAC7-40B0-4E0B-B14C-4E9EB516E7A1}"
EndProject
Global
	GlobalSection(SolutionConfigurationPlatforms) = preSolution
		Debug|Any CPU = Debug|Any CPU
		Release|Any CPU = Release|Any CPU
	EndGlobalSection
	GlobalSection(ProjectConfigurationPlatforms) = postSolution
		{DDAFBAC7-40B0-4E0B-B14C-4E9EB516E7A1}.Debug|Any CPU.ActiveCfg = Debug|Any CPU
		{DDAFBAC7-40B0-4E0B-B14C-4E9EB516E7A1}.Debug|Any CPU.Build.0 = Debug|Any CPU
		{DDAFBAC7-40B0-4E0B-B14C-4E9EB516E7A1}.Release|Any CPU.ActiveCfg = Release|Any CPU
		{DDAFBAC7-40B0-4E0B-B14C-4E9EB516E7A1}.Release|Any CPU.Build.0 = Release|Any CPU
	EndGlobalSection
	GlobalSection(SolutionProperties) = preSolution
		HideSolutionNode = FALSE
	EndGlobalSection
	GlobalSection(ExtensibilityGlobals) = postSolution
		SolutionGuid = {BB9B7DF3-326D-4254-81E9-C88477AD1B5A}
	EndGlobalSection
EndGlobal
